
Microsoft Visual Studio Solution File, Format Version 12.00
# Visual Studio Version 16
VisualStudioVersion = 16.0.29230.47
MinimumVisualStudioVersion = 10.0.40219.1
Project("{9A19103F-16F7-4668-BE54-9A1E7A4F7556}") = "ConApp", "ConApp\ConApp.csproj", "{0682D10F-91E1-4E3D-A398-C534DA61F578}"
EndProject
Project("{FAE04EC0-301F-11D3-BF4B-00C04F79EFBC}") = "ConAppTests", "ConAppTests\ConAppTests.csproj", "{FDA66ACB-C243-4222-A9FB-154DD6561332}"
EndProject
Global
	GlobalSection(SolutionConfigurationPlatforms) = preSolution
		Debug|Any CPU = Debug|Any CPU
		Release|Any CPU = Release|Any CPU
	EndGlobalSection
	GlobalSection(ProjectConfigurationPlatforms) = postSolution
		{0682D10F-91E1-4E3D-A398-C534DA61F578}.Debug|Any CPU.ActiveCfg = Debug|Any CPU
		{0682D10F-91E1-4E3D-A398-C534DA61F578}.Debug|Any CPU.Build.0 = Debug|Any CPU
		{0682D10F-91E1-4E3D-A398-C534DA61F578}.Release|Any CPU.ActiveCfg = Release|Any CPU
		{0682D10F-91E1-4E3D-A398-C534DA61F578}.Release|Any CPU.Build.0 = Release|Any CPU
		{FDA66ACB-C243-4222-A9FB-154DD6561332}.Debug|Any CPU.ActiveCfg = Debug|Any CPU
		{FDA66ACB-C243-4222-A9FB-154DD6561332}.Debug|Any CPU.Build.0 = Debug|Any CPU
		{FDA66ACB-C243-4222-A9FB-154DD6561332}.Release|Any CPU.ActiveCfg = Release|Any CPU
		{FDA66ACB-C243-4222-A9FB-154DD6561332}.Release|Any CPU.Build.0 = Release|Any CPU
	EndGlobalSection
	GlobalSection(SolutionProperties) = preSolution
		HideSolutionNode = FALSE
	EndGlobalSection
	GlobalSection(ExtensibilityGlobals) = postSolution
		SolutionGuid = {94C08756-BC2F-4DC1-9C52-513403B18013}
	EndGlobalSection
EndGlobal
